<?xml version="1.0" encoding="utf-8"?>
<Project ToolsVersion="4.0" xmlns="http://schemas.microsoft.com/developer/msbuild/2003">
  <ItemGroup>
    <ClCompile Include="Plant.cpp">
      <Filter>HeaderAndSource\Enemy\Plant</Filter>
    </ClCompile>
    <ClCompile Include="Plant_4Leaf.cpp">
      <Filter>HeaderAndSource\Enemy\Plant</Filter>
    </ClCompile>
    <ClCompile Include="Goomba.cpp">
      <Filter>HeaderAndSource\Enemy\Goomba</Filter>
    </ClCompile>
    <ClCompile Include="Koopas.cpp">
      <Filter>HeaderAndSource\Enemy\Koopa</Filter>
    </ClCompile>
    <ClCompile Include="Bullet.cpp">
      <Filter>HeaderAndSource\LittleObject</Filter>
    </ClCompile>
    <ClCompile Include="Wing.cpp">
      <Filter>HeaderAndSource\LittleObject</Filter>
    </ClCompile>
    <ClCompile Include="Mario.cpp">
      <Filter>HeaderAndSource\Mario</Filter>
    </ClCompile>
    <ClCompile Include="Animations.cpp">
      <Filter>HeaderAndSource\Platform</Filter>
    </ClCompile>
    <ClCompile Include="Game.cpp">
      <Filter>HeaderAndSource\Platform</Filter>
    </ClCompile>
    <ClCompile Include="GameObject.cpp">
      <Filter>HeaderAndSource\Platform</Filter>
    </ClCompile>
    <ClCompile Include="main.cpp">
      <Filter>HeaderAndSource\Platform</Filter>
    </ClCompile>
    <ClCompile Include="Map.cpp">
      <Filter>HeaderAndSource\Platform</Filter>
    </ClCompile>
    <ClCompile Include="PlayScence.cpp">
      <Filter>HeaderAndSource\Platform</Filter>
    </ClCompile>
    <ClCompile Include="Scence.cpp">
      <Filter>HeaderAndSource\Platform</Filter>
    </ClCompile>
    <ClCompile Include="Sprites.cpp">
      <Filter>HeaderAndSource\Platform</Filter>
    </ClCompile>
    <ClCompile Include="Textures.cpp">
      <Filter>HeaderAndSource\Platform</Filter>
    </ClCompile>
    <ClCompile Include="Utils.cpp">
      <Filter>HeaderAndSource\Platform</Filter>
    </ClCompile>
    <ClCompile Include="StatusBoard.cpp">
      <Filter>HeaderAndSource\HUD</Filter>
    </ClCompile>
    <ClCompile Include="Coin.cpp">
      <Filter>HeaderAndSource\Reward</Filter>
    </ClCompile>
    <ClCompile Include="SuperLeaf.cpp">
      <Filter>HeaderAndSource\Reward</Filter>
    </ClCompile>
    <ClCompile Include="Bullet_Mario.cpp">
      <Filter>HeaderAndSource\LittleObject</Filter>
    </ClCompile>
    <ClCompile Include="Bullet_Plant.cpp">
      <Filter>HeaderAndSource\LittleObject</Filter>
    </ClCompile>
    <ClCompile Include="Portal.cpp">
      <Filter>HeaderAndSource\PlatformObject</Filter>
    </ClCompile>
    <ClCompile Include="Brick.cpp">
      <Filter>HeaderAndSource\PlatformObject</Filter>
    </ClCompile>
  </ItemGroup>
  <ItemGroup>
    <ClInclude Include="Coin.h">
      <Filter>HeaderAndSource\Reward</Filter>
    </ClInclude>
    <ClInclude Include="SuperLeaf.h">
      <Filter>HeaderAndSource\Reward</Filter>
    </ClInclude>
    <ClInclude Include="Mario.h">
      <Filter>HeaderAndSource\Mario</Filter>
    </ClInclude>
    <ClInclude Include="StatusBoard.h">
      <Filter>HeaderAndSource\HUD</Filter>
    </ClInclude>
    <ClInclude Include="Plant.h">
      <Filter>HeaderAndSource\Enemy\Plant</Filter>
    </ClInclude>
    <ClInclude Include="Plant_4Leaf.h">
      <Filter>HeaderAndSource\Enemy\Plant</Filter>
    </ClInclude>
    <ClInclude Include="Goomba.h">
      <Filter>HeaderAndSource\Enemy\Goomba</Filter>
    </ClInclude>
    <ClInclude Include="Koopas.h">
      <Filter>HeaderAndSource\Enemy\Koopa</Filter>
    </ClInclude>
    <ClInclude Include="Wing.h">
      <Filter>HeaderAndSource\LittleObject</Filter>
    </ClInclude>
    <ClInclude Include="Bullet.h">
      <Filter>HeaderAndSource\LittleObject</Filter>
    </ClInclude>
    <ClInclude Include="Animations.h">
      <Filter>HeaderAndSource\Platform</Filter>
    </ClInclude>
    <ClInclude Include="Game.h">
      <Filter>HeaderAndSource\Platform</Filter>
    </ClInclude>
    <ClInclude Include="GameObject.h">
      <Filter>HeaderAndSource\Platform</Filter>
    </ClInclude>
    <ClInclude Include="KeyEventHandler.h">
      <Filter>HeaderAndSource\Platform</Filter>
    </ClInclude>
    <ClInclude Include="Map.h">
      <Filter>HeaderAndSource\Platform</Filter>
    </ClInclude>
    <ClInclude Include="PlayScence.h">
      <Filter>HeaderAndSource\Platform</Filter>
    </ClInclude>
    <ClInclude Include="Scence.h">
      <Filter>HeaderAndSource\Platform</Filter>
    </ClInclude>
    <ClInclude Include="Textures.h">
      <Filter>HeaderAndSource\Platform</Filter>
    </ClInclude>
    <ClInclude Include="Sprites.h">
      <Filter>HeaderAndSource\Platform</Filter>
    </ClInclude>
    <ClInclude Include="Utils.h">
      <Filter>HeaderAndSource\Platform</Filter>
    </ClInclude>
    <ClInclude Include="Bullet_Mario.h">
      <Filter>HeaderAndSource\LittleObject</Filter>
    </ClInclude>
    <ClInclude Include="Bullet_Plant.h">
      <Filter>HeaderAndSource\LittleObject</Filter>
    </ClInclude>
    <ClInclude Include="Portal.h">
      <Filter>HeaderAndSource\PlatformObject</Filter>
    </ClInclude>
    <ClInclude Include="Brick.h">
      <Filter>HeaderAndSource\PlatformObject</Filter>
    </ClInclude>
  </ItemGroup>
  <ItemGroup>
    <Filter Include="HeaderAndSource">
      <UniqueIdentifier>{beaf6ec9-4c6a-4ed0-9fbf-a38004358176}</UniqueIdentifier>
    </Filter>
    <Filter Include="HeaderAndSource\Reward">
      <UniqueIdentifier>{a37a4d34-5558-46ec-928f-5a0b627d1baa}</UniqueIdentifier>
    </Filter>
    <Filter Include="HeaderAndSource\Enemy">
      <UniqueIdentifier>{ac6d0a0d-733c-411f-848f-185b81e40ec6}</UniqueIdentifier>
    </Filter>
    <Filter Include="HeaderAndSource\Enemy\Plant">
      <UniqueIdentifier>{fc346bbb-c9cc-4133-998f-23059e1b5d48}</UniqueIdentifier>
    </Filter>
    <Filter Include="HeaderAndSource\Enemy\Goomba">
      <UniqueIdentifier>{7ae72c81-f5fa-46e5-9d8a-245536ac73cf}</UniqueIdentifier>
    </Filter>
    <Filter Include="HeaderAndSource\Enemy\Koopa">
      <UniqueIdentifier>{ad5ee412-c2bb-455c-8eb9-5ac7c00d9d93}</UniqueIdentifier>
    </Filter>
    <Filter Include="HeaderAndSource\Mario">
      <UniqueIdentifier>{ff37685b-8aa0-449e-860e-5cd10a14bedf}</UniqueIdentifier>
    </Filter>
    <Filter Include="HeaderAndSource\HUD">
      <UniqueIdentifier>{172a7a33-caba-4c85-befc-b8f812ea6269}</UniqueIdentifier>
    </Filter>
    <Filter Include="HeaderAndSource\LittleObject">
      <UniqueIdentifier>{607617ae-1129-479e-82cb-617f7d9740f1}</UniqueIdentifier>
    </Filter>
    <Filter Include="HeaderAndSource\Platform">
      <UniqueIdentifier>{4fdef4e2-a364-4deb-9c84-b190a537d943}</UniqueIdentifier>
    </Filter>
    <Filter Include="HeaderAndSource\PlatformObject">
      <UniqueIdentifier>{af93004e-9b6d-4a1e-97c9-cdc900dca52e}</UniqueIdentifier>
    </Filter>
  </ItemGroup>
</Project>